
Microsoft Visual Studio Solution File, Format Version 12.00
# Visual Studio Version 16
VisualStudioVersion = 16.0.31515.178
MinimumVisualStudioVersion = 10.0.40219.1
Project("{FAE04EC0-301F-11D3-BF4B-00C04F79EFBC}") = "EventiPrimer", "EventiPrimer\EventiPrimer.csproj", "{D7E1339D-5C2E-48F7-8032-0EA7E3119741}"
EndProject
Global
	GlobalSection(SolutionConfigurationPlatforms) = preSolution
		Debug|Any CPU = Debug|Any CPU
		Release|Any CPU = Release|Any CPU
	EndGlobalSection
	GlobalSection(ProjectConfigurationPlatforms) = postSolution
		{D7E1339D-5C2E-48F7-8032-0EA7E3119741}.Debug|Any CPU.ActiveCfg = Debug|Any CPU
		{D7E1339D-5C2E-48F7-8032-0EA7E3119741}.Debug|Any CPU.Build.0 = Debug|Any CPU
		{D7E1339D-5C2E-48F7-8032-0EA7E3119741}.Release|Any CPU.ActiveCfg = Release|Any CPU
		{D7E1339D-5C2E-48F7-8032-0EA7E3119741}.Release|Any CPU.Build.0 = Release|Any CPU
	EndGlobalSection
	GlobalSection(SolutionProperties) = preSolution
		HideSolutionNode = FALSE
	EndGlobalSection
	GlobalSection(ExtensibilityGlobals) = postSolution
		SolutionGuid = {2C62A836-337B-4132-960B-882C058BD061}
	EndGlobalSection
EndGlobal
